
Microsoft Visual Studio Solution File, Format Version 12.00
Project("{FAE04EC0-301F-11D3-BF4B-00C04F79EFBC}") = "Rover.WebApi", "Rover.WebApi\Rover.WebApi.csproj", "{2266C8D7-6E5C-4B7C-A4E4-4242B38F2289}"
EndProject
Project("{2150E333-8FDC-42A3-9474-1A3956D46DE8}") = "Rover.Core", "Rover.Core", "{3C7106D4-A50C-4D96-9913-282224DFDE5C}"
EndProject
Project("{2150E333-8FDC-42A3-9474-1A3956D46DE8}") = "Rover.UI", "Rover.UI", "{F2FCE79E-2B51-48B0-ACD8-34101E489D55}"
EndProject
Project("{2150E333-8FDC-42A3-9474-1A3956D46DE8}") = "Rover.Infrastructure", "Rover.Infrastructure", "{B6941553-B494-4863-B969-3F4169F522DF}"
EndProject
Project("{FAE04EC0-301F-11D3-BF4B-00C04F79EFBC}") = "Rover.Interfaces", "Rover.Interfaces\Rover.Interfaces.csproj", "{FD106738-9391-42F8-B263-47475A660000}"
EndProject
Project("{FAE04EC0-301F-11D3-BF4B-00C04F79EFBC}") = "Rover.Services", "Rover.Services\Rover.Services.csproj", "{2A4475BA-CD04-48D9-86E6-5F540B0D8268}"
EndProject
Project("{FAE04EC0-301F-11D3-BF4B-00C04F79EFBC}") = "Rover.Repository", "Rover.Repository\Rover.Repository.csproj", "{AB085CC1-18D6-43A2-8855-998C1E5F1141}"
EndProject
Project("{FAE04EC0-301F-11D3-BF4B-00C04F79EFBC}") = "Rover.DataAccess", "Rover.DataAccess\Rover.DataAccess.csproj", "{4BA27222-2948-4720-813E-63FDBF63C03E}"
EndProject
Project("{FAE04EC0-301F-11D3-BF4B-00C04F79EFBC}") = "Rover.ServiceInterfaces", "Rover.ServiceInterfaces\Rover.ServiceInterfaces.csproj", "{C3823D4E-AF0C-4761-A69B-32F2B0059672}"
EndProject
Project("{FAE04EC0-301F-11D3-BF4B-00C04F79EFBC}") = "Rover.Entities", "Rover.Entities\Rover.Entities.csproj", "{DB551583-8CB5-425B-88CA-A545BE236677}"
EndProject
Global
	GlobalSection(SolutionConfigurationPlatforms) = preSolution
		Debug|Any CPU = Debug|Any CPU
		Release|Any CPU = Release|Any CPU
	EndGlobalSection
	GlobalSection(ProjectConfigurationPlatforms) = postSolution
		{2266C8D7-6E5C-4B7C-A4E4-4242B38F2289}.Debug|Any CPU.ActiveCfg = Debug|Any CPU
		{2266C8D7-6E5C-4B7C-A4E4-4242B38F2289}.Debug|Any CPU.Build.0 = Debug|Any CPU
		{2266C8D7-6E5C-4B7C-A4E4-4242B38F2289}.Release|Any CPU.ActiveCfg = Release|Any CPU
		{2266C8D7-6E5C-4B7C-A4E4-4242B38F2289}.Release|Any CPU.Build.0 = Release|Any CPU
		{FD106738-9391-42F8-B263-47475A660000}.Debug|Any CPU.ActiveCfg = Debug|Any CPU
		{FD106738-9391-42F8-B263-47475A660000}.Debug|Any CPU.Build.0 = Debug|Any CPU
		{FD106738-9391-42F8-B263-47475A660000}.Release|Any CPU.ActiveCfg = Release|Any CPU
		{FD106738-9391-42F8-B263-47475A660000}.Release|Any CPU.Build.0 = Release|Any CPU
		{2A4475BA-CD04-48D9-86E6-5F540B0D8268}.Debug|Any CPU.ActiveCfg = Debug|Any CPU
		{2A4475BA-CD04-48D9-86E6-5F540B0D8268}.Debug|Any CPU.Build.0 = Debug|Any CPU
		{2A4475BA-CD04-48D9-86E6-5F540B0D8268}.Release|Any CPU.ActiveCfg = Release|Any CPU
		{2A4475BA-CD04-48D9-86E6-5F540B0D8268}.Release|Any CPU.Build.0 = Release|Any CPU
		{AB085CC1-18D6-43A2-8855-998C1E5F1141}.Debug|Any CPU.ActiveCfg = Debug|Any CPU
		{AB085CC1-18D6-43A2-8855-998C1E5F1141}.Debug|Any CPU.Build.0 = Debug|Any CPU
		{AB085CC1-18D6-43A2-8855-998C1E5F1141}.Release|Any CPU.ActiveCfg = Release|Any CPU
		{AB085CC1-18D6-43A2-8855-998C1E5F1141}.Release|Any CPU.Build.0 = Release|Any CPU
		{4BA27222-2948-4720-813E-63FDBF63C03E}.Debug|Any CPU.ActiveCfg = Debug|Any CPU
		{4BA27222-2948-4720-813E-63FDBF63C03E}.Debug|Any CPU.Build.0 = Debug|Any CPU
		{4BA27222-2948-4720-813E-63FDBF63C03E}.Release|Any CPU.ActiveCfg = Release|Any CPU
		{4BA27222-2948-4720-813E-63FDBF63C03E}.Release|Any CPU.Build.0 = Release|Any CPU
		{C3823D4E-AF0C-4761-A69B-32F2B0059672}.Debug|Any CPU.ActiveCfg = Debug|Any CPU
		{C3823D4E-AF0C-4761-A69B-32F2B0059672}.Debug|Any CPU.Build.0 = Debug|Any CPU
		{C3823D4E-AF0C-4761-A69B-32F2B0059672}.Release|Any CPU.ActiveCfg = Release|Any CPU
		{C3823D4E-AF0C-4761-A69B-32F2B0059672}.Release|Any CPU.Build.0 = Release|Any CPU
		{DB551583-8CB5-425B-88CA-A545BE236677}.Debug|Any CPU.ActiveCfg = Debug|Any CPU
		{DB551583-8CB5-425B-88CA-A545BE236677}.Debug|Any CPU.Build.0 = Debug|Any CPU
		{DB551583-8CB5-425B-88CA-A545BE236677}.Release|Any CPU.ActiveCfg = Release|Any CPU
		{DB551583-8CB5-425B-88CA-A545BE236677}.Release|Any CPU.Build.0 = Release|Any CPU
	EndGlobalSection
	GlobalSection(NestedProjects) = preSolution
		{2266C8D7-6E5C-4B7C-A4E4-4242B38F2289} = {F2FCE79E-2B51-48B0-ACD8-34101E489D55}
		{FD106738-9391-42F8-B263-47475A660000} = {3C7106D4-A50C-4D96-9913-282224DFDE5C}
		{2A4475BA-CD04-48D9-86E6-5F540B0D8268} = {3C7106D4-A50C-4D96-9913-282224DFDE5C}
		{AB085CC1-18D6-43A2-8855-998C1E5F1141} = {B6941553-B494-4863-B969-3F4169F522DF}
		{4BA27222-2948-4720-813E-63FDBF63C03E} = {B6941553-B494-4863-B969-3F4169F522DF}
		{C3823D4E-AF0C-4761-A69B-32F2B0059672} = {3C7106D4-A50C-4D96-9913-282224DFDE5C}
		{DB551583-8CB5-425B-88CA-A545BE236677} = {3C7106D4-A50C-4D96-9913-282224DFDE5C}
	EndGlobalSection
EndGlobal
